// !$*UTF8*$!
{
	archiveVersion = 1;
	classes = {
	};
	objectVersion = 46;
	objects = {

/* Begin PBXBuildFile section */
		0AD78130EF8A30A0D6897A63 /* Pods_plank_iOS.framework in Frameworks */ = {isa = PBXBuildFile; fileRef = A7EB53F00442C3C625C985F5 /* Pods_plank_iOS.framework */; };
		50519EF31BF0DAE80068FBAB /* FitnessTableViewCell.swift in Sources */ = {isa = PBXBuildFile; fileRef = 50519EF21BF0DAE80068FBAB /* FitnessTableViewCell.swift */; };
		50519EF51BF0DFEA0068FBAB /* FitnessTableViewController.swift in Sources */ = {isa = PBXBuildFile; fileRef = 50519EF41BF0DFEA0068FBAB /* FitnessTableViewController.swift */; };
		50519EF71BF0E2D20068FBAB /* Fitness.swift in Sources */ = {isa = PBXBuildFile; fileRef = 50519EF61BF0E2D20068FBAB /* Fitness.swift */; };
		50519EFC1BF1CBEE0068FBAB /* DBHelper.swift in Sources */ = {isa = PBXBuildFile; fileRef = 50519EFB1BF1CBEE0068FBAB /* DBHelper.swift */; };
		50519EFE1BF474000068FBAB /* LoadDataProtocol.swift in Sources */ = {isa = PBXBuildFile; fileRef = 50519EFD1BF473FF0068FBAB /* LoadDataProtocol.swift */; };
		50519F541BF4DF5E0068FBAB /* CVAuxiliaryView.swift in Sources */ = {isa = PBXBuildFile; fileRef = 50519F391BF4DF5E0068FBAB /* CVAuxiliaryView.swift */; };
		50519F551BF4DF5E0068FBAB /* CVCalendarContentViewController.swift in Sources */ = {isa = PBXBuildFile; fileRef = 50519F3A1BF4DF5E0068FBAB /* CVCalendarContentViewController.swift */; };
		50519F561BF4DF5E0068FBAB /* CVCalendarDayView.swift in Sources */ = {isa = PBXBuildFile; fileRef = 50519F3B1BF4DF5E0068FBAB /* CVCalendarDayView.swift */; };
		50519F571BF4DF5E0068FBAB /* CVCalendarDayViewControlCoordinator.swift in Sources */ = {isa = PBXBuildFile; fileRef = 50519F3C1BF4DF5E0068FBAB /* CVCalendarDayViewControlCoordinator.swift */; };
		50519F581BF4DF5E0068FBAB /* CVCalendarManager.swift in Sources */ = {isa = PBXBuildFile; fileRef = 50519F3D1BF4DF5E0068FBAB /* CVCalendarManager.swift */; };
		50519F591BF4DF5E0068FBAB /* CVCalendarMenuView.swift in Sources */ = {isa = PBXBuildFile; fileRef = 50519F3E1BF4DF5E0068FBAB /* CVCalendarMenuView.swift */; };
		50519F5A1BF4DF5E0068FBAB /* CVCalendarMenuViewDelegate.swift in Sources */ = {isa = PBXBuildFile; fileRef = 50519F3F1BF4DF5E0068FBAB /* CVCalendarMenuViewDelegate.swift */; };
		50519F5B1BF4DF5E0068FBAB /* CVCalendarMonthContentViewController.swift in Sources */ = {isa = PBXBuildFile; fileRef = 50519F401BF4DF5E0068FBAB /* CVCalendarMonthContentViewController.swift */; };
		50519F5C1BF4DF5E0068FBAB /* CVCalendarMonthView.swift in Sources */ = {isa = PBXBuildFile; fileRef = 50519F411BF4DF5E0068FBAB /* CVCalendarMonthView.swift */; };
		50519F5D1BF4DF5E0068FBAB /* CVCalendarTouchController.swift in Sources */ = {isa = PBXBuildFile; fileRef = 50519F421BF4DF5E0068FBAB /* CVCalendarTouchController.swift */; };
		50519F5E1BF4DF5E0068FBAB /* CVCalendarView.swift in Sources */ = {isa = PBXBuildFile; fileRef = 50519F431BF4DF5E0068FBAB /* CVCalendarView.swift */; };
		50519F5F1BF4DF5E0068FBAB /* CVCalendarViewAnimator.swift in Sources */ = {isa = PBXBuildFile; fileRef = 50519F441BF4DF5E0068FBAB /* CVCalendarViewAnimator.swift */; };
		50519F601BF4DF5E0068FBAB /* CVCalendarViewAnimatorDelegate.swift in Sources */ = {isa = PBXBuildFile; fileRef = 50519F451BF4DF5E0068FBAB /* CVCalendarViewAnimatorDelegate.swift */; };
		50519F611BF4DF5E0068FBAB /* CVCalendarViewAppearance.swift in Sources */ = {isa = PBXBuildFile; fileRef = 50519F461BF4DF5E0068FBAB /* CVCalendarViewAppearance.swift */; };
		50519F621BF4DF5E0068FBAB /* CVCalendarViewAppearanceDelegate.swift in Sources */ = {isa = PBXBuildFile; fileRef = 50519F471BF4DF5E0068FBAB /* CVCalendarViewAppearanceDelegate.swift */; };
		50519F631BF4DF5E0068FBAB /* CVCalendarViewDelegate.swift in Sources */ = {isa = PBXBuildFile; fileRef = 50519F481BF4DF5E0068FBAB /* CVCalendarViewDelegate.swift */; };
		50519F641BF4DF5E0068FBAB /* CVCalendarViewPresentationMode.swift in Sources */ = {isa = PBXBuildFile; fileRef = 50519F491BF4DF5E0068FBAB /* CVCalendarViewPresentationMode.swift */; };
		50519F651BF4DF5E0068FBAB /* CVCalendarWeekContentViewController.swift in Sources */ = {isa = PBXBuildFile; fileRef = 50519F4A1BF4DF5E0068FBAB /* CVCalendarWeekContentViewController.swift */; };
		50519F661BF4DF5E0068FBAB /* CVCalendarWeekday.swift in Sources */ = {isa = PBXBuildFile; fileRef = 50519F4B1BF4DF5E0068FBAB /* CVCalendarWeekday.swift */; };
		50519F671BF4DF5E0068FBAB /* CVCalendarWeekView.swift in Sources */ = {isa = PBXBuildFile; fileRef = 50519F4C1BF4DF5E0068FBAB /* CVCalendarWeekView.swift */; };
		50519F681BF4DF5E0068FBAB /* CVDate.swift in Sources */ = {isa = PBXBuildFile; fileRef = 50519F4D1BF4DF5E0068FBAB /* CVDate.swift */; };
		50519F691BF4DF5E0068FBAB /* CVRange.swift in Sources */ = {isa = PBXBuildFile; fileRef = 50519F4E1BF4DF5E0068FBAB /* CVRange.swift */; };
		50519F6A1BF4DF5E0068FBAB /* CVScrollDirection.swift in Sources */ = {isa = PBXBuildFile; fileRef = 50519F4F1BF4DF5E0068FBAB /* CVScrollDirection.swift */; };
		50519F6B1BF4DF5E0068FBAB /* CVSelectionType.swift in Sources */ = {isa = PBXBuildFile; fileRef = 50519F501BF4DF5E0068FBAB /* CVSelectionType.swift */; };
		50519F6C1BF4DF5E0068FBAB /* CVSet.swift in Sources */ = {isa = PBXBuildFile; fileRef = 50519F511BF4DF5E0068FBAB /* CVSet.swift */; };
		50519F6D1BF4DF5E0068FBAB /* CVShape.swift in Sources */ = {isa = PBXBuildFile; fileRef = 50519F521BF4DF5E0068FBAB /* CVShape.swift */; };
		50519F6E1BF4DF5E0068FBAB /* CVWeekdaySymbolType.swift in Sources */ = {isa = PBXBuildFile; fileRef = 50519F531BF4DF5E0068FBAB /* CVWeekdaySymbolType.swift */; };
		506559041BEF6ED500B3D707 /* CircularProgressView.swift in Sources */ = {isa = PBXBuildFile; fileRef = 506559031BEF6ED500B3D707 /* CircularProgressView.swift */; };
		50702E961BF4E35D00C55D1D /* DateUtil.swift in Sources */ = {isa = PBXBuildFile; fileRef = 50702E951BF4E35D00C55D1D /* DateUtil.swift */; };
		50D871CF1BEF3692003BE1F3 /* AppDelegate.swift in Sources */ = {isa = PBXBuildFile; fileRef = 50D871CE1BEF3692003BE1F3 /* AppDelegate.swift */; };
		50D871D11BEF3692003BE1F3 /* TrainViewController.swift in Sources */ = {isa = PBXBuildFile; fileRef = 50D871D01BEF3692003BE1F3 /* TrainViewController.swift */; };
		50D871D31BEF3692003BE1F3 /* RecordViewController.swift in Sources */ = {isa = PBXBuildFile; fileRef = 50D871D21BEF3692003BE1F3 /* RecordViewController.swift */; };
		50D871D61BEF3692003BE1F3 /* Main.storyboard in Resources */ = {isa = PBXBuildFile; fileRef = 50D871D41BEF3692003BE1F3 /* Main.storyboard */; };
		50D871D81BEF3692003BE1F3 /* Assets.xcassets in Resources */ = {isa = PBXBuildFile; fileRef = 50D871D71BEF3692003BE1F3 /* Assets.xcassets */; };
		50D871DB1BEF3692003BE1F3 /* LaunchScreen.storyboard in Resources */ = {isa = PBXBuildFile; fileRef = 50D871D91BEF3692003BE1F3 /* LaunchScreen.storyboard */; };
		50D871E61BEF3692003BE1F3 /* plank_iOSTests.swift in Sources */ = {isa = PBXBuildFile; fileRef = 50D871E51BEF3692003BE1F3 /* plank_iOSTests.swift */; };
		50D871F11BEF3692003BE1F3 /* plank_iOSUITests.swift in Sources */ = {isa = PBXBuildFile; fileRef = 50D871F01BEF3692003BE1F3 /* plank_iOSUITests.swift */; };
		50D871FF1BEF4668003BE1F3 /* MainViewController.swift in Sources */ = {isa = PBXBuildFile; fileRef = 50D871FE1BEF4668003BE1F3 /* MainViewController.swift */; };
		50D872011BEF6ADD003BE1F3 /* MyStyle.swift in Sources */ = {isa = PBXBuildFile; fileRef = 50D872001BEF6ADD003BE1F3 /* MyStyle.swift */; };
/* End PBXBuildFile section */

/* Begin PBXContainerItemProxy section */
		50D871E21BEF3692003BE1F3 /* PBXContainerItemProxy */ = {
			isa = PBXContainerItemProxy;
			containerPortal = 50D871C31BEF3692003BE1F3 /* Project object */;
			proxyType = 1;
			remoteGlobalIDString = 50D871CA1BEF3692003BE1F3;
			remoteInfo = plank_iOS;
		};
		50D871ED1BEF3692003BE1F3 /* PBXContainerItemProxy */ = {
			isa = PBXContainerItemProxy;
			containerPortal = 50D871C31BEF3692003BE1F3 /* Project object */;
			proxyType = 1;
			remoteGlobalIDString = 50D871CA1BEF3692003BE1F3;
			remoteInfo = plank_iOS;
		};
/* End PBXContainerItemProxy section */

/* Begin PBXFileReference section */
		309665D23EEE75C41240276C /* Pods-plank_iOS.release.xcconfig */ = {isa = PBXFileReference; includeInIndex = 1; lastKnownFileType = text.xcconfig; name = "Pods-plank_iOS.release.xcconfig"; path = "Pods/Target Support Files/Pods-plank_iOS/Pods-plank_iOS.release.xcconfig"; sourceTree = "<group>"; };
		50519EF21BF0DAE80068FBAB /* FitnessTableViewCell.swift */ = {isa = PBXFileReference; fileEncoding = 4; lastKnownFileType = sourcecode.swift; path = FitnessTableViewCell.swift; sourceTree = "<group>"; };
		50519EF41BF0DFEA0068FBAB /* FitnessTableViewController.swift */ = {isa = PBXFileReference; fileEncoding = 4; lastKnownFileType = sourcecode.swift; path = FitnessTableViewController.swift; sourceTree = "<group>"; };
		50519EF61BF0E2D20068FBAB /* Fitness.swift */ = {isa = PBXFileReference; fileEncoding = 4; lastKnownFileType = sourcecode.swift; path = Fitness.swift; sourceTree = "<group>"; };
		50519EFB1BF1CBEE0068FBAB /* DBHelper.swift */ = {isa = PBXFileReference; fileEncoding = 4; lastKnownFileType = sourcecode.swift; path = DBHelper.swift; sourceTree = "<group>"; };
		50519EFD1BF473FF0068FBAB /* LoadDataProtocol.swift */ = {isa = PBXFileReference; fileEncoding = 4; lastKnownFileType = sourcecode.swift; path = LoadDataProtocol.swift; sourceTree = "<group>"; };
		50519F391BF4DF5E0068FBAB /* CVAuxiliaryView.swift */ = {isa = PBXFileReference; fileEncoding = 4; lastKnownFileType = sourcecode.swift; path = CVAuxiliaryView.swift; sourceTree = "<group>"; };
		50519F3A1BF4DF5E0068FBAB /* CVCalendarContentViewController.swift */ = {isa = PBXFileReference; fileEncoding = 4; lastKnownFileType = sourcecode.swift; path = CVCalendarContentViewController.swift; sourceTree = "<group>"; };
		50519F3B1BF4DF5E0068FBAB /* CVCalendarDayView.swift */ = {isa = PBXFileReference; fileEncoding = 4; lastKnownFileType = sourcecode.swift; path = CVCalendarDayView.swift; sourceTree = "<group>"; };
		50519F3C1BF4DF5E0068FBAB /* CVCalendarDayViewControlCoordinator.swift */ = {isa = PBXFileReference; fileEncoding = 4; lastKnownFileType = sourcecode.swift; path = CVCalendarDayViewControlCoordinator.swift; sourceTree = "<group>"; };
		50519F3D1BF4DF5E0068FBAB /* CVCalendarManager.swift */ = {isa = PBXFileReference; fileEncoding = 4; lastKnownFileType = sourcecode.swift; path = CVCalendarManager.swift; sourceTree = "<group>"; };
		50519F3E1BF4DF5E0068FBAB /* CVCalendarMenuView.swift */ = {isa = PBXFileReference; fileEncoding = 4; lastKnownFileType = sourcecode.swift; path = CVCalendarMenuView.swift; sourceTree = "<group>"; };
		50519F3F1BF4DF5E0068FBAB /* CVCalendarMenuViewDelegate.swift */ = {isa = PBXFileReference; fileEncoding = 4; lastKnownFileType = sourcecode.swift; path = CVCalendarMenuViewDelegate.swift; sourceTree = "<group>"; };
		50519F401BF4DF5E0068FBAB /* CVCalendarMonthContentViewController.swift */ = {isa = PBXFileReference; fileEncoding = 4; lastKnownFileType = sourcecode.swift; path = CVCalendarMonthContentViewController.swift; sourceTree = "<group>"; };
		50519F411BF4DF5E0068FBAB /* CVCalendarMonthView.swift */ = {isa = PBXFileReference; fileEncoding = 4; lastKnownFileType = sourcecode.swift; path = CVCalendarMonthView.swift; sourceTree = "<group>"; };
		50519F421BF4DF5E0068FBAB /* CVCalendarTouchController.swift */ = {isa = PBXFileReference; fileEncoding = 4; lastKnownFileType = sourcecode.swift; path = CVCalendarTouchController.swift; sourceTree = "<group>"; };
		50519F431BF4DF5E0068FBAB /* CVCalendarView.swift */ = {isa = PBXFileReference; fileEncoding = 4; lastKnownFileType = sourcecode.swift; path = CVCalendarView.swift; sourceTree = "<group>"; };
		50519F441BF4DF5E0068FBAB /* CVCalendarViewAnimator.swift */ = {isa = PBXFileReference; fileEncoding = 4; lastKnownFileType = sourcecode.swift; path = CVCalendarViewAnimator.swift; sourceTree = "<group>"; };
		50519F451BF4DF5E0068FBAB /* CVCalendarViewAnimatorDelegate.swift */ = {isa = PBXFileReference; fileEncoding = 4; lastKnownFileType = sourcecode.swift; path = CVCalendarViewAnimatorDelegate.swift; sourceTree = "<group>"; };
		50519F461BF4DF5E0068FBAB /* CVCalendarViewAppearance.swift */ = {isa = PBXFileReference; fileEncoding = 4; lastKnownFileType = sourcecode.swift; path = CVCalendarViewAppearance.swift; sourceTree = "<group>"; };
		50519F471BF4DF5E0068FBAB /* CVCalendarViewAppearanceDelegate.swift */ = {isa = PBXFileReference; fileEncoding = 4; lastKnownFileType = sourcecode.swift; path = CVCalendarViewAppearanceDelegate.swift; sourceTree = "<group>"; };
		50519F481BF4DF5E0068FBAB /* CVCalendarViewDelegate.swift */ = {isa = PBXFileReference; fileEncoding = 4; lastKnownFileType = sourcecode.swift; path = CVCalendarViewDelegate.swift; sourceTree = "<group>"; };
		50519F491BF4DF5E0068FBAB /* CVCalendarViewPresentationMode.swift */ = {isa = PBXFileReference; fileEncoding = 4; lastKnownFileType = sourcecode.swift; path = CVCalendarViewPresentationMode.swift; sourceTree = "<group>"; };
		50519F4A1BF4DF5E0068FBAB /* CVCalendarWeekContentViewController.swift */ = {isa = PBXFileReference; fileEncoding = 4; lastKnownFileType = sourcecode.swift; path = CVCalendarWeekContentViewController.swift; sourceTree = "<group>"; };
		50519F4B1BF4DF5E0068FBAB /* CVCalendarWeekday.swift */ = {isa = PBXFileReference; fileEncoding = 4; lastKnownFileType = sourcecode.swift; path = CVCalendarWeekday.swift; sourceTree = "<group>"; };
		50519F4C1BF4DF5E0068FBAB /* CVCalendarWeekView.swift */ = {isa = PBXFileReference; fileEncoding = 4; lastKnownFileType = sourcecode.swift; path = CVCalendarWeekView.swift; sourceTree = "<group>"; };
		50519F4D1BF4DF5E0068FBAB /* CVDate.swift */ = {isa = PBXFileReference; fileEncoding = 4; lastKnownFileType = sourcecode.swift; path = CVDate.swift; sourceTree = "<group>"; };
		50519F4E1BF4DF5E0068FBAB /* CVRange.swift */ = {isa = PBXFileReference; fileEncoding = 4; lastKnownFileType = sourcecode.swift; path = CVRange.swift; sourceTree = "<group>"; };
		50519F4F1BF4DF5E0068FBAB /* CVScrollDirection.swift */ = {isa = PBXFileReference; fileEncoding = 4; lastKnownFileType = sourcecode.swift; path = CVScrollDirection.swift; sourceTree = "<group>"; };
		50519F501BF4DF5E0068FBAB /* CVSelectionType.swift */ = {isa = PBXFileReference; fileEncoding = 4; lastKnownFileType = sourcecode.swift; path = CVSelectionType.swift; sourceTree = "<group>"; };
		50519F511BF4DF5E0068FBAB /* CVSet.swift */ = {isa = PBXFileReference; fileEncoding = 4; lastKnownFileType = sourcecode.swift; path = CVSet.swift; sourceTree = "<group>"; };
		50519F521BF4DF5E0068FBAB /* CVShape.swift */ = {isa = PBXFileReference; fileEncoding = 4; lastKnownFileType = sourcecode.swift; path = CVShape.swift; sourceTree = "<group>"; };
		50519F531BF4DF5E0068FBAB /* CVWeekdaySymbolType.swift */ = {isa = PBXFileReference; fileEncoding = 4; lastKnownFileType = sourcecode.swift; path = CVWeekdaySymbolType.swift; sourceTree = "<group>"; };
		506559031BEF6ED500B3D707 /* CircularProgressView.swift */ = {isa = PBXFileReference; fileEncoding = 4; lastKnownFileType = sourcecode.swift; path = CircularProgressView.swift; sourceTree = "<group>"; };
		50702E951BF4E35D00C55D1D /* DateUtil.swift */ = {isa = PBXFileReference; fileEncoding = 4; lastKnownFileType = sourcecode.swift; path = DateUtil.swift; sourceTree = "<group>"; };
		50D871CB1BEF3692003BE1F3 /* plank_iOS.app */ = {isa = PBXFileReference; explicitFileType = wrapper.application; includeInIndex = 0; path = plank_iOS.app; sourceTree = BUILT_PRODUCTS_DIR; };
		50D871CE1BEF3692003BE1F3 /* AppDelegate.swift */ = {isa = PBXFileReference; lastKnownFileType = sourcecode.swift; path = AppDelegate.swift; sourceTree = "<group>"; };
		50D871D01BEF3692003BE1F3 /* TrainViewController.swift */ = {isa = PBXFileReference; lastKnownFileType = sourcecode.swift; path = TrainViewController.swift; sourceTree = "<group>"; };
		50D871D21BEF3692003BE1F3 /* RecordViewController.swift */ = {isa = PBXFileReference; lastKnownFileType = sourcecode.swift; path = RecordViewController.swift; sourceTree = "<group>"; };
		50D871D51BEF3692003BE1F3 /* Base */ = {isa = PBXFileReference; lastKnownFileType = file.storyboard; name = Base; path = Base.lproj/Main.storyboard; sourceTree = "<group>"; };
		50D871D71BEF3692003BE1F3 /* Assets.xcassets */ = {isa = PBXFileReference; lastKnownFileType = folder.assetcatalog; path = Assets.xcassets; sourceTree = "<group>"; };
		50D871DA1BEF3692003BE1F3 /* Base */ = {isa = PBXFileReference; lastKnownFileType = file.storyboard; name = Base; path = Base.lproj/LaunchScreen.storyboard; sourceTree = "<group>"; };
		50D871DC1BEF3692003BE1F3 /* Info.plist */ = {isa = PBXFileReference; lastKnownFileType = text.plist.xml; path = Info.plist; sourceTree = "<group>"; };
		50D871E11BEF3692003BE1F3 /* plank_iOSTests.xctest */ = {isa = PBXFileReference; explicitFileType = wrapper.cfbundle; includeInIndex = 0; path = plank_iOSTests.xctest; sourceTree = BUILT_PRODUCTS_DIR; };
		50D871E51BEF3692003BE1F3 /* plank_iOSTests.swift */ = {isa = PBXFileReference; lastKnownFileType = sourcecode.swift; path = plank_iOSTests.swift; sourceTree = "<group>"; };
		50D871E71BEF3692003BE1F3 /* Info.plist */ = {isa = PBXFileReference; lastKnownFileType = text.plist.xml; path = Info.plist; sourceTree = "<group>"; };
		50D871EC1BEF3692003BE1F3 /* plank_iOSUITests.xctest */ = {isa = PBXFileReference; explicitFileType = wrapper.cfbundle; includeInIndex = 0; path = plank_iOSUITests.xctest; sourceTree = BUILT_PRODUCTS_DIR; };
		50D871F01BEF3692003BE1F3 /* plank_iOSUITests.swift */ = {isa = PBXFileReference; lastKnownFileType = sourcecode.swift; path = plank_iOSUITests.swift; sourceTree = "<group>"; };
		50D871F21BEF3692003BE1F3 /* Info.plist */ = {isa = PBXFileReference; lastKnownFileType = text.plist.xml; path = Info.plist; sourceTree = "<group>"; };
		50D871FE1BEF4668003BE1F3 /* MainViewController.swift */ = {isa = PBXFileReference; fileEncoding = 4; lastKnownFileType = sourcecode.swift; path = MainViewController.swift; sourceTree = "<group>"; };
		50D872001BEF6ADD003BE1F3 /* MyStyle.swift */ = {isa = PBXFileReference; fileEncoding = 4; lastKnownFileType = sourcecode.swift; path = MyStyle.swift; sourceTree = "<group>"; };
		A7EB53F00442C3C625C985F5 /* Pods_plank_iOS.framework */ = {isa = PBXFileReference; explicitFileType = wrapper.framework; includeInIndex = 0; path = Pods_plank_iOS.framework; sourceTree = BUILT_PRODUCTS_DIR; };
		FB12125A8CA749DD2FAF9D27 /* Pods-plank_iOS.debug.xcconfig */ = {isa = PBXFileReference; includeInIndex = 1; lastKnownFileType = text.xcconfig; name = "Pods-plank_iOS.debug.xcconfig"; path = "Pods/Target Support Files/Pods-plank_iOS/Pods-plank_iOS.debug.xcconfig"; sourceTree = "<group>"; };
/* End PBXFileReference section */

/* Begin PBXFrameworksBuildPhase section */
		50D871C81BEF3692003BE1F3 /* Frameworks */ = {
			isa = PBXFrameworksBuildPhase;
			buildActionMask = 2147483647;
			files = (
				0AD78130EF8A30A0D6897A63 /* Pods_plank_iOS.framework in Frameworks */,
			);
			runOnlyForDeploymentPostprocessing = 0;
		};
		50D871DE1BEF3692003BE1F3 /* Frameworks */ = {
			isa = PBXFrameworksBuildPhase;
			buildActionMask = 2147483647;
			files = (
			);
			runOnlyForDeploymentPostprocessing = 0;
		};
		50D871E91BEF3692003BE1F3 /* Frameworks */ = {
			isa = PBXFrameworksBuildPhase;
			buildActionMask = 2147483647;
			files = (
			);
			runOnlyForDeploymentPostprocessing = 0;
		};
/* End PBXFrameworksBuildPhase section */

/* Begin PBXGroup section */
		0FA05B0F83F7C2117E43E249 /* Frameworks */ = {
			isa = PBXGroup;
			children = (
				A7EB53F00442C3C625C985F5 /* Pods_plank_iOS.framework */,
			);
			name = Frameworks;
			sourceTree = "<group>";
		};
		285A6BD4626B755DD360D6BC /* Pods */ = {
			isa = PBXGroup;
			children = (
				FB12125A8CA749DD2FAF9D27 /* Pods-plank_iOS.debug.xcconfig */,
				309665D23EEE75C41240276C /* Pods-plank_iOS.release.xcconfig */,
			);
			name = Pods;
			sourceTree = "<group>";
		};
		50519EFA1BF1CBCA0068FBAB /* db */ = {
			isa = PBXGroup;
			children = (
				50519EFB1BF1CBEE0068FBAB /* DBHelper.swift */,
			);
			name = db;
			sourceTree = "<group>";
		};
		50519F381BF4DF5E0068FBAB /* CVCalendar */ = {
			isa = PBXGroup;
			children = (
				50519F391BF4DF5E0068FBAB /* CVAuxiliaryView.swift */,
				50519F3A1BF4DF5E0068FBAB /* CVCalendarContentViewController.swift */,
				50519F3B1BF4DF5E0068FBAB /* CVCalendarDayView.swift */,
				50519F3C1BF4DF5E0068FBAB /* CVCalendarDayViewControlCoordinator.swift */,
				50519F3D1BF4DF5E0068FBAB /* CVCalendarManager.swift */,
				50519F3E1BF4DF5E0068FBAB /* CVCalendarMenuView.swift */,
				50519F3F1BF4DF5E0068FBAB /* CVCalendarMenuViewDelegate.swift */,
				50519F401BF4DF5E0068FBAB /* CVCalendarMonthContentViewController.swift */,
				50519F411BF4DF5E0068FBAB /* CVCalendarMonthView.swift */,
				50519F421BF4DF5E0068FBAB /* CVCalendarTouchController.swift */,
				50519F431BF4DF5E0068FBAB /* CVCalendarView.swift */,
				50519F441BF4DF5E0068FBAB /* CVCalendarViewAnimator.swift */,
				50519F451BF4DF5E0068FBAB /* CVCalendarViewAnimatorDelegate.swift */,
				50519F461BF4DF5E0068FBAB /* CVCalendarViewAppearance.swift */,
				50519F471BF4DF5E0068FBAB /* CVCalendarViewAppearanceDelegate.swift */,
				50519F481BF4DF5E0068FBAB /* CVCalendarViewDelegate.swift */,
				50519F491BF4DF5E0068FBAB /* CVCalendarViewPresentationMode.swift */,
				50519F4A1BF4DF5E0068FBAB /* CVCalendarWeekContentViewController.swift */,
				50519F4B1BF4DF5E0068FBAB /* CVCalendarWeekday.swift */,
				50519F4C1BF4DF5E0068FBAB /* CVCalendarWeekView.swift */,
				50519F4D1BF4DF5E0068FBAB /* CVDate.swift */,
				50519F4E1BF4DF5E0068FBAB /* CVRange.swift */,
				50519F4F1BF4DF5E0068FBAB /* CVScrollDirection.swift */,
				50519F501BF4DF5E0068FBAB /* CVSelectionType.swift */,
				50519F511BF4DF5E0068FBAB /* CVSet.swift */,
				50519F521BF4DF5E0068FBAB /* CVShape.swift */,
				50519F531BF4DF5E0068FBAB /* CVWeekdaySymbolType.swift */,
			);
			path = CVCalendar;
			sourceTree = "<group>";
		};
		50D871C21BEF3692003BE1F3 = {
			isa = PBXGroup;
			children = (
				50519F381BF4DF5E0068FBAB /* CVCalendar */,
				50D871CD1BEF3692003BE1F3 /* plank_iOS */,
				50D871E41BEF3692003BE1F3 /* plank_iOSTests */,
				50D871EF1BEF3692003BE1F3 /* plank_iOSUITests */,
				50D871CC1BEF3692003BE1F3 /* Products */,
				285A6BD4626B755DD360D6BC /* Pods */,
				0FA05B0F83F7C2117E43E249 /* Frameworks */,
			);
			sourceTree = "<group>";
		};
		50D871CC1BEF3692003BE1F3 /* Products */ = {
			isa = PBXGroup;
			children = (
				50D871CB1BEF3692003BE1F3 /* plank_iOS.app */,
				50D871E11BEF3692003BE1F3 /* plank_iOSTests.xctest */,
				50D871EC1BEF3692003BE1F3 /* plank_iOSUITests.xctest */,
			);
			name = Products;
			sourceTree = "<group>";
		};
		50D871CD1BEF3692003BE1F3 /* plank_iOS */ = {
			isa = PBXGroup;
			children = (
				50519EFA1BF1CBCA0068FBAB /* db */,
				50D871CE1BEF3692003BE1F3 /* AppDelegate.swift */,
				50D871D01BEF3692003BE1F3 /* TrainViewController.swift */,
				50D871D21BEF3692003BE1F3 /* RecordViewController.swift */,
				50D871D41BEF3692003BE1F3 /* Main.storyboard */,
				50D871D71BEF3692003BE1F3 /* Assets.xcassets */,
				50D871D91BEF3692003BE1F3 /* LaunchScreen.storyboard */,
				50D871DC1BEF3692003BE1F3 /* Info.plist */,
				50D871FE1BEF4668003BE1F3 /* MainViewController.swift */,
				50D872001BEF6ADD003BE1F3 /* MyStyle.swift */,
				506559031BEF6ED500B3D707 /* CircularProgressView.swift */,
				50519EF21BF0DAE80068FBAB /* FitnessTableViewCell.swift */,
				50519EF41BF0DFEA0068FBAB /* FitnessTableViewController.swift */,
				50519EF61BF0E2D20068FBAB /* Fitness.swift */,
				50519EFD1BF473FF0068FBAB /* LoadDataProtocol.swift */,
				50702E951BF4E35D00C55D1D /* DateUtil.swift */,
			);
			path = plank_iOS;
			sourceTree = "<group>";
		};
		50D871E41BEF3692003BE1F3 /* plank_iOSTests */ = {
			isa = PBXGroup;
			children = (
				50D871E51BEF3692003BE1F3 /* plank_iOSTests.swift */,
				50D871E71BEF3692003BE1F3 /* Info.plist */,
			);
			path = plank_iOSTests;
			sourceTree = "<group>";
		};
		50D871EF1BEF3692003BE1F3 /* plank_iOSUITests */ = {
			isa = PBXGroup;
			children = (
				50D871F01BEF3692003BE1F3 /* plank_iOSUITests.swift */,
				50D871F21BEF3692003BE1F3 /* Info.plist */,
			);
			path = plank_iOSUITests;
			sourceTree = "<group>";
		};
/* End PBXGroup section */

/* Begin PBXNativeTarget section */
		50D871CA1BEF3692003BE1F3 /* plank_iOS */ = {
			isa = PBXNativeTarget;
			buildConfigurationList = 50D871F51BEF3692003BE1F3 /* Build configuration list for PBXNativeTarget "plank_iOS" */;
			buildPhases = (
				AEAE5BC851B072AAA7FC8166 /* Check Pods Manifest.lock */,
				50D871C71BEF3692003BE1F3 /* Sources */,
				50D871C81BEF3692003BE1F3 /* Frameworks */,
				50D871C91BEF3692003BE1F3 /* Resources */,
				03C00E7430E346102C299CA5 /* Embed Pods Frameworks */,
				236BDDAFD3F7CCA8FA5284C3 /* Copy Pods Resources */,
			);
			buildRules = (
			);
			dependencies = (
			);
			name = plank_iOS;
			productName = plank_iOS;
			productReference = 50D871CB1BEF3692003BE1F3 /* plank_iOS.app */;
			productType = "com.apple.product-type.application";
		};
		50D871E01BEF3692003BE1F3 /* plank_iOSTests */ = {
			isa = PBXNativeTarget;
			buildConfigurationList = 50D871F81BEF3692003BE1F3 /* Build configuration list for PBXNativeTarget "plank_iOSTests" */;
			buildPhases = (
				50D871DD1BEF3692003BE1F3 /* Sources */,
				50D871DE1BEF3692003BE1F3 /* Frameworks */,
				50D871DF1BEF3692003BE1F3 /* Resources */,
			);
			buildRules = (
			);
			dependencies = (
				50D871E31BEF3692003BE1F3 /* PBXTargetDependency */,
			);
			name = plank_iOSTests;
			productName = plank_iOSTests;
			productReference = 50D871E11BEF3692003BE1F3 /* plank_iOSTests.xctest */;
			productType = "com.apple.product-type.bundle.unit-test";
		};
		50D871EB1BEF3692003BE1F3 /* plank_iOSUITests */ = {
			isa = PBXNativeTarget;
			buildConfigurationList = 50D871FB1BEF3692003BE1F3 /* Build configuration list for PBXNativeTarget "plank_iOSUITests" */;
			buildPhases = (
				50D871E81BEF3692003BE1F3 /* Sources */,
				50D871E91BEF3692003BE1F3 /* Frameworks */,
				50D871EA1BEF3692003BE1F3 /* Resources */,
			);
			buildRules = (
			);
			dependencies = (
				50D871EE1BEF3692003BE1F3 /* PBXTargetDependency */,
			);
			name = plank_iOSUITests;
			productName = plank_iOSUITests;
			productReference = 50D871EC1BEF3692003BE1F3 /* plank_iOSUITests.xctest */;
			productType = "com.apple.product-type.bundle.ui-testing";
		};
/* End PBXNativeTarget section */

/* Begin PBXProject section */
		50D871C31BEF3692003BE1F3 /* Project object */ = {
			isa = PBXProject;
			attributes = {
				LastSwiftUpdateCheck = 0710;
				LastUpgradeCheck = 0710;
				ORGANIZATIONNAME = jiangecho;
				TargetAttributes = {
					50D871CA1BEF3692003BE1F3 = {
						CreatedOnToolsVersion = 7.1;
					};
					50D871E01BEF3692003BE1F3 = {
						CreatedOnToolsVersion = 7.1;
						TestTargetID = 50D871CA1BEF3692003BE1F3;
					};
					50D871EB1BEF3692003BE1F3 = {
						CreatedOnToolsVersion = 7.1;
						TestTargetID = 50D871CA1BEF3692003BE1F3;
					};
				};
			};
			buildConfigurationList = 50D871C61BEF3692003BE1F3 /* Build configuration list for PBXProject "plank_iOS" */;
			compatibilityVersion = "Xcode 3.2";
			developmentRegion = English;
			hasScannedForEncodings = 0;
			knownRegions = (
				en,
				Base,
			);
			mainGroup = 50D871C21BEF3692003BE1F3;
			productRefGroup = 50D871CC1BEF3692003BE1F3 /* Products */;
			projectDirPath = "";
			projectRoot = "";
			targets = (
				50D871CA1BEF3692003BE1F3 /* plank_iOS */,
				50D871E01BEF3692003BE1F3 /* plank_iOSTests */,
				50D871EB1BEF3692003BE1F3 /* plank_iOSUITests */,
			);
		};
/* End PBXProject section */

/* Begin PBXResourcesBuildPhase section */
		50D871C91BEF3692003BE1F3 /* Resources */ = {
			isa = PBXResourcesBuildPhase;
			buildActionMask = 2147483647;
			files = (
				50D871DB1BEF3692003BE1F3 /* LaunchScreen.storyboard in Resources */,
				50D871D81BEF3692003BE1F3 /* Assets.xcassets in Resources */,
				50D871D61BEF3692003BE1F3 /* Main.storyboard in Resources */,
			);
			runOnlyForDeploymentPostprocessing = 0;
		};
		50D871DF1BEF3692003BE1F3 /* Resources */ = {
			isa = PBXResourcesBuildPhase;
			buildActionMask = 2147483647;
			files = (
			);
			runOnlyForDeploymentPostprocessing = 0;
		};
		50D871EA1BEF3692003BE1F3 /* Resources */ = {
			isa = PBXResourcesBuildPhase;
			buildActionMask = 2147483647;
			files = (
			);
			runOnlyForDeploymentPostprocessing = 0;
		};
/* End PBXResourcesBuildPhase section */

/* Begin PBXShellScriptBuildPhase section */
		03C00E7430E346102C299CA5 /* Embed Pods Frameworks */ = {
			isa = PBXShellScriptBuildPhase;
			buildActionMask = 2147483647;
			files = (
			);
			inputPaths = (
			);
			name = "Embed Pods Frameworks";
			outputPaths = (
			);
			runOnlyForDeploymentPostprocessing = 0;
			shellPath = /bin/sh;
			shellScript = "\"${SRCROOT}/Pods/Target Support Files/Pods-plank_iOS/Pods-plank_iOS-frameworks.sh\"\n";
			showEnvVarsInLog = 0;
		};
		236BDDAFD3F7CCA8FA5284C3 /* Copy Pods Resources */ = {
			isa = PBXShellScriptBuildPhase;
			buildActionMask = 2147483647;
			files = (
			);
			inputPaths = (
			);
			name = "Copy Pods Resources";
			outputPaths = (
			);
			runOnlyForDeploymentPostprocessing = 0;
			shellPath = /bin/sh;
			shellScript = "\"${SRCROOT}/Pods/Target Support Files/Pods-plank_iOS/Pods-plank_iOS-resources.sh\"\n";
			showEnvVarsInLog = 0;
		};
		AEAE5BC851B072AAA7FC8166 /* Check Pods Manifest.lock */ = {
			isa = PBXShellScriptBuildPhase;
			buildActionMask = 2147483647;
			files = (
			);
			inputPaths = (
			);
			name = "Check Pods Manifest.lock";
			outputPaths = (
			);
			runOnlyForDeploymentPostprocessing = 0;
			shellPath = /bin/sh;
			shellScript = "diff \"${PODS_ROOT}/../Podfile.lock\" \"${PODS_ROOT}/Manifest.lock\" > /dev/null\nif [[ $? != 0 ]] ; then\n    cat << EOM\nerror: The sandbox is not in sync with the Podfile.lock. Run 'pod install' or update your CocoaPods installation.\nEOM\n    exit 1\nfi\n";
			showEnvVarsInLog = 0;
		};
/* End PBXShellScriptBuildPhase section */

/* Begin PBXSourcesBuildPhase section */
		50D871C71BEF3692003BE1F3 /* Sources */ = {
			isa = PBXSourcesBuildPhase;
			buildActionMask = 2147483647;
			files = (
				50519F5F1BF4DF5E0068FBAB /* CVCalendarViewAnimator.swift in Sources */,
				50519F661BF4DF5E0068FBAB /* CVCalendarWeekday.swift in Sources */,
				50519F671BF4DF5E0068FBAB /* CVCalendarWeekView.swift in Sources */,
				50519F581BF4DF5E0068FBAB /* CVCalendarManager.swift in Sources */,
				50519F5B1BF4DF5E0068FBAB /* CVCalendarMonthContentViewController.swift in Sources */,
				50519F601BF4DF5E0068FBAB /* CVCalendarViewAnimatorDelegate.swift in Sources */,
				50D872011BEF6ADD003BE1F3 /* MyStyle.swift in Sources */,
				50519F6C1BF4DF5E0068FBAB /* CVSet.swift in Sources */,
				50D871D31BEF3692003BE1F3 /* RecordViewController.swift in Sources */,
				50D871CF1BEF3692003BE1F3 /* AppDelegate.swift in Sources */,
				50519F5A1BF4DF5E0068FBAB /* CVCalendarMenuViewDelegate.swift in Sources */,
				50519F651BF4DF5E0068FBAB /* CVCalendarWeekContentViewController.swift in Sources */,
				50D871FF1BEF4668003BE1F3 /* MainViewController.swift in Sources */,
				50519F5D1BF4DF5E0068FBAB /* CVCalendarTouchController.swift in Sources */,
				50519F631BF4DF5E0068FBAB /* CVCalendarViewDelegate.swift in Sources */,
				50519F621BF4DF5E0068FBAB /* CVCalendarViewAppearanceDelegate.swift in Sources */,
				50519F541BF4DF5E0068FBAB /* CVAuxiliaryView.swift in Sources */,
				50519EF51BF0DFEA0068FBAB /* FitnessTableViewController.swift in Sources */,
				50519F6D1BF4DF5E0068FBAB /* CVShape.swift in Sources */,
				50519EFE1BF474000068FBAB /* LoadDataProtocol.swift in Sources */,
				50519F5E1BF4DF5E0068FBAB /* CVCalendarView.swift in Sources */,
				50519EF31BF0DAE80068FBAB /* FitnessTableViewCell.swift in Sources */,
				50519EF71BF0E2D20068FBAB /* Fitness.swift in Sources */,
				50519F641BF4DF5E0068FBAB /* CVCalendarViewPresentationMode.swift in Sources */,
				50519EFC1BF1CBEE0068FBAB /* DBHelper.swift in Sources */,
				50519F6E1BF4DF5E0068FBAB /* CVWeekdaySymbolType.swift in Sources */,
				50519F561BF4DF5E0068FBAB /* CVCalendarDayView.swift in Sources */,
				50519F551BF4DF5E0068FBAB /* CVCalendarContentViewController.swift in Sources */,
				50519F591BF4DF5E0068FBAB /* CVCalendarMenuView.swift in Sources */,
				50519F6B1BF4DF5E0068FBAB /* CVSelectionType.swift in Sources */,
				50519F5C1BF4DF5E0068FBAB /* CVCalendarMonthView.swift in Sources */,
				50519F691BF4DF5E0068FBAB /* CVRange.swift in Sources */,
				506559041BEF6ED500B3D707 /* CircularProgressView.swift in Sources */,
				50519F6A1BF4DF5E0068FBAB /* CVScrollDirection.swift in Sources */,
				50D871D11BEF3692003BE1F3 /* TrainViewController.swift in Sources */,
				50519F571BF4DF5E0068FBAB /* CVCalendarDayViewControlCoordinator.swift in Sources */,
				50702E961BF4E35D00C55D1D /* DateUtil.swift in Sources */,
				50519F681BF4DF5E0068FBAB /* CVDate.swift in Sources */,
				50519F611BF4DF5E0068FBAB /* CVCalendarViewAppearance.swift in Sources */,
			);
			runOnlyForDeploymentPostprocessing = 0;
		};
		50D871DD1BEF3692003BE1F3 /* Sources */ = {
			isa = PBXSourcesBuildPhase;
			buildActionMask = 2147483647;
			files = (
				50D871E61BEF3692003BE1F3 /* plank_iOSTests.swift in Sources */,
			);
			runOnlyForDeploymentPostprocessing = 0;
		};
		50D871E81BEF3692003BE1F3 /* Sources */ = {
			isa = PBXSourcesBuildPhase;
			buildActionMask = 2147483647;
			files = (
				50D871F11BEF3692003BE1F3 /* plank_iOSUITests.swift in Sources */,
			);
			runOnlyForDeploymentPostprocessing = 0;
		};
/* End PBXSourcesBuildPhase section */

/* Begin PBXTargetDependency section */
		50D871E31BEF3692003BE1F3 /* PBXTargetDependency */ = {
			isa = PBXTargetDependency;
			target = 50D871CA1BEF3692003BE1F3 /* plank_iOS */;
			targetProxy = 50D871E21BEF3692003BE1F3 /* PBXContainerItemProxy */;
		};
		50D871EE1BEF3692003BE1F3 /* PBXTargetDependency */ = {
			isa = PBXTargetDependency;
			target = 50D871CA1BEF3692003BE1F3 /* plank_iOS */;
			targetProxy = 50D871ED1BEF3692003BE1F3 /* PBXContainerItemProxy */;
		};
/* End PBXTargetDependency section */

/* Begin PBXVariantGroup section */
		50D871D41BEF3692003BE1F3 /* Main.storyboard */ = {
			isa = PBXVariantGroup;
			children = (
				50D871D51BEF3692003BE1F3 /* Base */,
			);
			name = Main.storyboard;
			sourceTree = "<group>";
		};
		50D871D91BEF3692003BE1F3 /* LaunchScreen.storyboard */ = {
			isa = PBXVariantGroup;
			children = (
				50D871DA1BEF3692003BE1F3 /* Base */,
			);
			name = LaunchScreen.storyboard;
			sourceTree = "<group>";
		};
/* End PBXVariantGroup section */

/* Begin XCBuildConfiguration section */
		50D871F31BEF3692003BE1F3 /* Debug */ = {
			isa = XCBuildConfiguration;
			buildSettings = {
				ALWAYS_SEARCH_USER_PATHS = NO;
				CLANG_CXX_LANGUAGE_STANDARD = "gnu++0x";
				CLANG_CXX_LIBRARY = "libc++";
				CLANG_ENABLE_MODULES = YES;
				CLANG_ENABLE_OBJC_ARC = YES;
				CLANG_WARN_BOOL_CONVERSION = YES;
				CLANG_WARN_CONSTANT_CONVERSION = YES;
				CLANG_WARN_DIRECT_OBJC_ISA_USAGE = YES_ERROR;
				CLANG_WARN_EMPTY_BODY = YES;
				CLANG_WARN_ENUM_CONVERSION = YES;
				CLANG_WARN_INT_CONVERSION = YES;
				CLANG_WARN_OBJC_ROOT_CLASS = YES_ERROR;
				CLANG_WARN_UNREACHABLE_CODE = YES;
				CLANG_WARN__DUPLICATE_METHOD_MATCH = YES;
				"CODE_SIGN_IDENTITY[sdk=iphoneos*]" = "iPhone Developer";
				COPY_PHASE_STRIP = NO;
				DEBUG_INFORMATION_FORMAT = dwarf;
				ENABLE_STRICT_OBJC_MSGSEND = YES;
				ENABLE_TESTABILITY = YES;
				GCC_C_LANGUAGE_STANDARD = gnu99;
				GCC_DYNAMIC_NO_PIC = NO;
				GCC_NO_COMMON_BLOCKS = YES;
				GCC_OPTIMIZATION_LEVEL = 0;
				GCC_PREPROCESSOR_DEFINITIONS = (
					"DEBUG=1",
					"$(inherited)",
				);
				GCC_WARN_64_TO_32_BIT_CONVERSION = YES;
				GCC_WARN_ABOUT_RETURN_TYPE = YES_ERROR;
				GCC_WARN_UNDECLARED_SELECTOR = YES;
				GCC_WARN_UNINITIALIZED_AUTOS = YES_AGGRESSIVE;
				GCC_WARN_UNUSED_FUNCTION = YES;
				GCC_WARN_UNUSED_VARIABLE = YES;
				IPHONEOS_DEPLOYMENT_TARGET = 9.1;
				MTL_ENABLE_DEBUG_INFO = YES;
				ONLY_ACTIVE_ARCH = YES;
				SDKROOT = iphoneos;
				SWIFT_OPTIMIZATION_LEVEL = "-Onone";
			};
			name = Debug;
		};
		50D871F41BEF3692003BE1F3 /* Release */ = {
			isa = XCBuildConfiguration;
			buildSettings = {
				ALWAYS_SEARCH_USER_PATHS = NO;
				CLANG_CXX_LANGUAGE_STANDARD = "gnu++0x";
				CLANG_CXX_LIBRARY = "libc++";
				CLANG_ENABLE_MODULES = YES;
				CLANG_ENABLE_OBJC_ARC = YES;
				CLANG_WARN_BOOL_CONVERSION = YES;
				CLANG_WARN_CONSTANT_CONVERSION = YES;
				CLANG_WARN_DIRECT_OBJC_ISA_USAGE = YES_ERROR;
				CLANG_WARN_EMPTY_BODY = YES;
				CLANG_WARN_ENUM_CONVERSION = YES;
				CLANG_WARN_INT_CONVERSION = YES;
				CLANG_WARN_OBJC_ROOT_CLASS = YES_ERROR;
				CLANG_WARN_UNREACHABLE_CODE = YES;
				CLANG_WARN__DUPLICATE_METHOD_MATCH = YES;
				"CODE_SIGN_IDENTITY[sdk=iphoneos*]" = "iPhone Developer";
				COPY_PHASE_STRIP = NO;
				DEBUG_INFORMATION_FORMAT = "dwarf-with-dsym";
				ENABLE_NS_ASSERTIONS = NO;
				ENABLE_STRICT_OBJC_MSGSEND = YES;
				GCC_C_LANGUAGE_STANDARD = gnu99;
				GCC_NO_COMMON_BLOCKS = YES;
				GCC_WARN_64_TO_32_BIT_CONVERSION = YES;
				GCC_WARN_ABOUT_RETURN_TYPE = YES_ERROR;
				GCC_WARN_UNDECLARED_SELECTOR = YES;
				GCC_WARN_UNINITIALIZED_AUTOS = YES_AGGRESSIVE;
				GCC_WARN_UNUSED_FUNCTION = YES;
				GCC_WARN_UNUSED_VARIABLE = YES;
				IPHONEOS_DEPLOYMENT_TARGET = 9.1;
				MTL_ENABLE_DEBUG_INFO = NO;
				SDKROOT = iphoneos;
				VALIDATE_PRODUCT = YES;
			};
			name = Release;
		};
		50D871F61BEF3692003BE1F3 /* Debug */ = {
			isa = XCBuildConfiguration;
			baseConfigurationReference = FB12125A8CA749DD2FAF9D27 /* Pods-plank_iOS.debug.xcconfig */;
			buildSettings = {
				ASSETCATALOG_COMPILER_APPICON_NAME = AppIcon;
				INFOPLIST_FILE = plank_iOS/Info.plist;
				LD_RUNPATH_SEARCH_PATHS = "$(inherited) @executable_path/Frameworks";
				PRODUCT_BUNDLE_IDENTIFIER = "com.jiangecho.plank-iOS";
				PRODUCT_NAME = "$(TARGET_NAME)";
			};
			name = Debug;
		};
		50D871F71BEF3692003BE1F3 /* Release */ = {
			isa = XCBuildConfiguration;
			baseConfigurationReference = 309665D23EEE75C41240276C /* Pods-plank_iOS.release.xcconfig */;
			buildSettings = {
				ASSETCATALOG_COMPILER_APPICON_NAME = AppIcon;
				INFOPLIST_FILE = plank_iOS/Info.plist;
				LD_RUNPATH_SEARCH_PATHS = "$(inherited) @executable_path/Frameworks";
				PRODUCT_BUNDLE_IDENTIFIER = "com.jiangecho.plank-iOS";
				PRODUCT_NAME = "$(TARGET_NAME)";
			};
			name = Release;
		};
		50D871F91BEF3692003BE1F3 /* Debug */ = {
			isa = XCBuildConfiguration;
			buildSettings = {
				BUNDLE_LOADER = "$(TEST_HOST)";
				INFOPLIST_FILE = plank_iOSTests/Info.plist;
				LD_RUNPATH_SEARCH_PATHS = "$(inherited) @executable_path/Frameworks @loader_path/Frameworks";
				PRODUCT_BUNDLE_IDENTIFIER = "com.jiangecho.plank-iOSTests";
				PRODUCT_NAME = "$(TARGET_NAME)";
				TEST_HOST = "$(BUILT_PRODUCTS_DIR)/plank_iOS.app/plank_iOS";
			};
			name = Debug;
		};
		50D871FA1BEF3692003BE1F3 /* Release */ = {
			isa = XCBuildConfiguration;
			buildSettings = {
				BUNDLE_LOADER = "$(TEST_HOST)";
				INFOPLIST_FILE = plank_iOSTests/Info.plist;
				LD_RUNPATH_SEARCH_PATHS = "$(inherited) @executable_path/Frameworks @loader_path/Frameworks";
				PRODUCT_BUNDLE_IDENTIFIER = "com.jiangecho.plank-iOSTests";
				PRODUCT_NAME = "$(TARGET_NAME)";
				TEST_HOST = "$(BUILT_PRODUCTS_DIR)/plank_iOS.app/plank_iOS";
			};
			name = Release;
		};
		50D871FC1BEF3692003BE1F3 /* Debug */ = {
			isa = XCBuildConfiguration;
			buildSettings = {
				INFOPLIST_FILE = plank_iOSUITests/Info.plist;
				LD_RUNPATH_SEARCH_PATHS = "$(inherited) @executable_path/Frameworks @loader_path/Frameworks";
				PRODUCT_BUNDLE_IDENTIFIER = "com.jiangecho.plank-iOSUITests";
				PRODUCT_NAME = "$(TARGET_NAME)";
				TEST_TARGET_NAME = plank_iOS;
				USES_XCTRUNNER = YES;
			};
			name = Debug;
		};
		50D871FD1BEF3692003BE1F3 /* Release */ = {
			isa = XCBuildConfiguration;
			buildSettings = {
				INFOPLIST_FILE = plank_iOSUITests/Info.plist;
				LD_RUNPATH_SEARCH_PATHS = "$(inherited) @executable_path/Frameworks @loader_path/Frameworks";
				PRODUCT_BUNDLE_IDENTIFIER = "com.jiangecho.plank-iOSUITests";
				PRODUCT_NAME = "$(TARGET_NAME)";
				TEST_TARGET_NAME = plank_iOS;
				USES_XCTRUNNER = YES;
			};
			name = Release;
		};
/* End XCBuildConfiguration section */

/* Begin XCConfigurationList section */
		50D871C61BEF3692003BE1F3 /* Build configuration list for PBXProject "plank_iOS" */ = {
			isa = XCConfigurationList;
			buildConfigurations = (
				50D871F31BEF3692003BE1F3 /* Debug */,
				50D871F41BEF3692003BE1F3 /* Release */,
			);
			defaultConfigurationIsVisible = 0;
			defaultConfigurationName = Release;
		};
		50D871F51BEF3692003BE1F3 /* Build configuration list for PBXNativeTarget "plank_iOS" */ = {
			isa = XCConfigurationList;
			buildConfigurations = (
				50D871F61BEF3692003BE1F3 /* Debug */,
				50D871F71BEF3692003BE1F3 /* Release */,
			);
			defaultConfigurationIsVisible = 0;
			defaultConfigurationName = Release;
		};
		50D871F81BEF3692003BE1F3 /* Build configuration list for PBXNativeTarget "plank_iOSTests" */ = {
			isa = XCConfigurationList;
			buildConfigurations = (
				50D871F91BEF3692003BE1F3 /* Debug */,
				50D871FA1BEF3692003BE1F3 /* Release */,
			);
			defaultConfigurationIsVisible = 0;
			defaultConfigurationName = Release;
		};
		50D871FB1BEF3692003BE1F3 /* Build configuration list for PBXNativeTarget "plank_iOSUITests" */ = {
			isa = XCConfigurationList;
			buildConfigurations = (
				50D871FC1BEF3692003BE1F3 /* Debug */,
				50D871FD1BEF3692003BE1F3 /* Release */,
			);
			defaultConfigurationIsVisible = 0;
			defaultConfigurationName = Release;
		};
/* End XCConfigurationList section */
	};
	rootObject = 50D871C31BEF3692003BE1F3 /* Project object */;
}
